
Microsoft Visual Studio Solution File, Format Version 12.00
# Visual Studio Version 17
VisualStudioVersion = 17.5.002.0
MinimumVisualStudioVersion = 10.0.40219.1
Project("{2150E333-8FDC-42A3-9474-1A3956D46DE8}") = "Teste Exemplo", "Teste Exemplo", "{E8B56482-BD5B-4EE3-BB56-88EF2FDD7E61}"
EndProject
Project("{9A19103F-16F7-4668-BE54-9A1E7A4F7556}") = "teste_calculadora_mstest", "Teste Exemplo\teste_calculadora_mstest\teste_calculadora_mstest.csproj", "{38AA5117-2524-47BA-B78C-8478108FC3A5}"
EndProject
Project("{9A19103F-16F7-4668-BE54-9A1E7A4F7556}") = "teste_calculadora_xunit", "Teste Exemplo\teste_calculadora_xunit\teste_calculadora_xunit.csproj", "{16F94115-7248-4B54-B3E0-EE50640B5092}"
EndProject
Global
	GlobalSection(SolutionConfigurationPlatforms) = preSolution
		Debug|Any CPU = Debug|Any CPU
		Release|Any CPU = Release|Any CPU
	EndGlobalSection
	GlobalSection(ProjectConfigurationPlatforms) = postSolution
		{38AA5117-2524-47BA-B78C-8478108FC3A5}.Debug|Any CPU.ActiveCfg = Debug|Any CPU
		{38AA5117-2524-47BA-B78C-8478108FC3A5}.Debug|Any CPU.Build.0 = Debug|Any CPU
		{38AA5117-2524-47BA-B78C-8478108FC3A5}.Release|Any CPU.ActiveCfg = Release|Any CPU
		{38AA5117-2524-47BA-B78C-8478108FC3A5}.Release|Any CPU.Build.0 = Release|Any CPU
		{16F94115-7248-4B54-B3E0-EE50640B5092}.Debug|Any CPU.ActiveCfg = Debug|Any CPU
		{16F94115-7248-4B54-B3E0-EE50640B5092}.Debug|Any CPU.Build.0 = Debug|Any CPU
		{16F94115-7248-4B54-B3E0-EE50640B5092}.Release|Any CPU.ActiveCfg = Release|Any CPU
		{16F94115-7248-4B54-B3E0-EE50640B5092}.Release|Any CPU.Build.0 = Release|Any CPU
	EndGlobalSection
	GlobalSection(SolutionProperties) = preSolution
		HideSolutionNode = FALSE
	EndGlobalSection
	GlobalSection(NestedProjects) = preSolution
		{38AA5117-2524-47BA-B78C-8478108FC3A5} = {E8B56482-BD5B-4EE3-BB56-88EF2FDD7E61}
		{16F94115-7248-4B54-B3E0-EE50640B5092} = {E8B56482-BD5B-4EE3-BB56-88EF2FDD7E61}
	EndGlobalSection
	GlobalSection(ExtensibilityGlobals) = postSolution
		SolutionGuid = {AF6453A6-2CE6-4EE0-871A-A6B8699B5B80}
	EndGlobalSection
EndGlobal
